
Microsoft Visual Studio Solution File, Format Version 11.00
# Visual Studio 2010
Project("{8BC9CEB8-8B4A-11D0-8D11-00A0C91BC942}") = "simc", "simc.vcxproj", "{00058543-E5EA-1540-B535-BCE859AA319E}"
EndProject
Project("{8BC9CEB8-8B4A-11D0-8D11-00A0C91BC942}") = "gmsv_turbostroi", "gmsv_turbostroi.vcxproj", "{C84AD4D2-2D63-1842-871E-41C8D71BEA58}"
	ProjectSection(ProjectDependencies) = postProject
		{00058543-E5EA-1540-B535-BCE859AA319E} = {00058543-E5EA-1540-B535-BCE859AA319E}
	EndProjectSection
EndProject
Global
	GlobalSection(SolutionConfigurationPlatforms) = preSolution
		Debug|Win32 = Debug|Win32
		Release|Win32 = Release|Win32
	EndGlobalSection
	GlobalSection(ProjectConfigurationPlatforms) = postSolution
		{00058543-E5EA-1540-B535-BCE859AA319E}.Debug|Win32.ActiveCfg = Debug|Win32
		{00058543-E5EA-1540-B535-BCE859AA319E}.Debug|Win32.Build.0 = Debug|Win32
		{00058543-E5EA-1540-B535-BCE859AA319E}.Release|Win32.ActiveCfg = Release|Win32
		{00058543-E5EA-1540-B535-BCE859AA319E}.Release|Win32.Build.0 = Release|Win32
		{C84AD4D2-2D63-1842-871E-41C8D71BEA58}.Debug|Win32.ActiveCfg = Debug|Win32
		{C84AD4D2-2D63-1842-871E-41C8D71BEA58}.Debug|Win32.Build.0 = Debug|Win32
		{C84AD4D2-2D63-1842-871E-41C8D71BEA58}.Release|Win32.ActiveCfg = Release|Win32
		{C84AD4D2-2D63-1842-871E-41C8D71BEA58}.Release|Win32.Build.0 = Release|Win32
	EndGlobalSection
	GlobalSection(SolutionProperties) = preSolution
		HideSolutionNode = FALSE
	EndGlobalSection
EndGlobal
