<?xml version="1.0" encoding="utf-8"?>
<Project ToolsVersion="4.0" xmlns="http://schemas.microsoft.com/developer/msbuild/2003">
  <ItemGroup>
    <Filter Include="source">
      <UniqueIdentifier>{942B2C9E-47F7-0544-95DB-4C6D5F6E7490}</UniqueIdentifier>
    </Filter>
  </ItemGroup>
  <ItemGroup>
    <ClCompile Include="..\..\source\gm_turbostroi.cpp">
      <Filter>source</Filter>
    </ClCompile>
  </ItemGroup>
</Project>
