<?xml version="1.0" encoding="utf-8"?>
<Project ToolsVersion="4.0" xmlns="http://schemas.microsoft.com/developer/msbuild/2003">
  <ItemGroup>
    <Filter Include="external">
      <UniqueIdentifier>{45799D8C-D90F-214E-B241-9FD7C28E3B65}</UniqueIdentifier>
    </Filter>
    <Filter Include="external\simc">
      <UniqueIdentifier>{35AF50FA-35BD-E040-A8F3-F519E9E06461}</UniqueIdentifier>
    </Filter>
    <Filter Include="external\simc\source">
      <UniqueIdentifier>{78299576-B134-0848-AE3F-FCE5F78B8365}</UniqueIdentifier>
    </Filter>
    <Filter Include="external\simc\include">
      <UniqueIdentifier>{B0BA607A-7DC3-2B42-8F3E-4041470A7C44}</UniqueIdentifier>
    </Filter>
    <Filter Include="external\simc\external">
      <UniqueIdentifier>{A2F7824B-C373-D744-BD06-975CC50337DB}</UniqueIdentifier>
    </Filter>
    <Filter Include="external\simc\external\tinyxml">
      <UniqueIdentifier>{D8EB24A2-09A3-7841-8DDF-B12206EB79E0}</UniqueIdentifier>
    </Filter>
  </ItemGroup>
  <ItemGroup>
    <ClInclude Include="..\..\external\simc\include\sim_core.h">
      <Filter>external\simc\include</Filter>
    </ClInclude>
    <ClInclude Include="..\..\external\simc\include\sim_internal.h">
      <Filter>external\simc\include</Filter>
    </ClInclude>
    <ClInclude Include="..\..\external\simc\include\sim_xml.h">
      <Filter>external\simc\include</Filter>
    </ClInclude>
  </ItemGroup>
  <ItemGroup>
    <ClCompile Include="..\..\external\simc\source\sim_curtime.c">
      <Filter>external\simc\source</Filter>
    </ClCompile>
    <ClCompile Include="..\..\external\simc\source\sim_linkedlist.c">
      <Filter>external\simc\source</Filter>
    </ClCompile>
    <ClCompile Include="..\..\external\simc\source\sim_queue.c">
      <Filter>external\simc\source</Filter>
    </ClCompile>
    <ClCompile Include="..\..\external\simc\source\sim_sarray.c">
      <Filter>external\simc\source</Filter>
    </ClCompile>
    <ClCompile Include="..\..\external\simc\source\sim_threading.c">
      <Filter>external\simc\source</Filter>
    </ClCompile>
    <ClCompile Include="..\..\external\simc\source\sim_xml.cpp">
      <Filter>external\simc\source</Filter>
    </ClCompile>
    <ClCompile Include="..\..\external\simc\external\tinyxml\tinystr.cpp">
      <Filter>external\simc\external\tinyxml</Filter>
    </ClCompile>
    <ClCompile Include="..\..\external\simc\external\tinyxml\tinyxml.cpp">
      <Filter>external\simc\external\tinyxml</Filter>
    </ClCompile>
    <ClCompile Include="..\..\external\simc\external\tinyxml\tinyxmlerror.cpp">
      <Filter>external\simc\external\tinyxml</Filter>
    </ClCompile>
    <ClCompile Include="..\..\external\simc\external\tinyxml\tinyxmlparser.cpp">
      <Filter>external\simc\external\tinyxml</Filter>
    </ClCompile>
  </ItemGroup>
</Project>
